
Microsoft Visual Studio Solution File, Format Version 12.00
# Visual Studio Version 17
VisualStudioVersion = 17.10.35027.167
MinimumVisualStudioVersion = 10.0.40219.1
Project("{9A19103F-16F7-4668-BE54-9A1E7A4F7556}") = "Project_X", "Project_X.csproj", "{B2C79190-C6F6-4CDA-A584-305071E26EAB}"
EndProject
Global
	GlobalSection(SolutionConfigurationPlatforms) = preSolution
		Debug|Any CPU = Debug|Any CPU
		Release|Any CPU = Release|Any CPU
	EndGlobalSection
	GlobalSection(ProjectConfigurationPlatforms) = postSolution
		{B2C79190-C6F6-4CDA-A584-305071E26EAB}.Debug|Any CPU.ActiveCfg = Debug|Any CPU
		{B2C79190-C6F6-4CDA-A584-305071E26EAB}.Debug|Any CPU.Build.0 = Debug|Any CPU
		{B2C79190-C6F6-4CDA-A584-305071E26EAB}.Release|Any CPU.ActiveCfg = Release|Any CPU
		{B2C79190-C6F6-4CDA-A584-305071E26EAB}.Release|Any CPU.Build.0 = Release|Any CPU
	EndGlobalSection
	GlobalSection(SolutionProperties) = preSolution
		HideSolutionNode = FALSE
	EndGlobalSection
	GlobalSection(ExtensibilityGlobals) = postSolution
		SolutionGuid = {40C3A131-7E36-4145-BB5C-39E44CF254F6}
	EndGlobalSection
EndGlobal
